
Microsoft Visual Studio Solution File, Format Version 12.00
# Visual Studio Version 17
VisualStudioVersion = 17.2.32630.192
MinimumVisualStudioVersion = 10.0.40219.1
Project("{9A19103F-16F7-4668-BE54-9A1E7A4F7556}") = "R5T.T0221.Construction", "R5T.T0221.Construction\R5T.T0221.Construction.csproj", "{A3496988-8398-4B68-82DF-0D43921CD926}"
EndProject
Project("{9A19103F-16F7-4668-BE54-9A1E7A4F7556}") = "R5T.T0221", "R5T.T0221\R5T.T0221.csproj", "{FF4DBB1E-0788-488A-845C-ABBA51296CF9}"
EndProject
Global
	GlobalSection(SolutionConfigurationPlatforms) = preSolution
		Debug|Any CPU = Debug|Any CPU
		Release|Any CPU = Release|Any CPU
	EndGlobalSection
	GlobalSection(ProjectConfigurationPlatforms) = postSolution
		{A3496988-8398-4B68-82DF-0D43921CD926}.Debug|Any CPU.ActiveCfg = Debug|Any CPU
		{A3496988-8398-4B68-82DF-0D43921CD926}.Debug|Any CPU.Build.0 = Debug|Any CPU
		{A3496988-8398-4B68-82DF-0D43921CD926}.Release|Any CPU.ActiveCfg = Release|Any CPU
		{A3496988-8398-4B68-82DF-0D43921CD926}.Release|Any CPU.Build.0 = Release|Any CPU
		{FF4DBB1E-0788-488A-845C-ABBA51296CF9}.Debug|Any CPU.ActiveCfg = Debug|Any CPU
		{FF4DBB1E-0788-488A-845C-ABBA51296CF9}.Debug|Any CPU.Build.0 = Debug|Any CPU
		{FF4DBB1E-0788-488A-845C-ABBA51296CF9}.Release|Any CPU.ActiveCfg = Release|Any CPU
		{FF4DBB1E-0788-488A-845C-ABBA51296CF9}.Release|Any CPU.Build.0 = Release|Any CPU
	EndGlobalSection
	GlobalSection(SolutionProperties) = preSolution
		HideSolutionNode = FALSE
	EndGlobalSection
	GlobalSection(ExtensibilityGlobals) = postSolution
		SolutionGuid = {1CCC7C06-822E-47C7-830B-11F74330A59D}
	EndGlobalSection
EndGlobal
